
Microsoft Visual Studio Solution File, Format Version 12.00
# Visual Studio Version 17
VisualStudioVersion = 17.14.36414.22 d17.14
MinimumVisualStudioVersion = 10.0.40219.1
Project("{FAE04EC0-301F-11D3-BF4B-00C04F79EFBC}") = "AdventOfCode25", "AdventOfCode25.csproj", "{E67E63AA-F1AB-4009-ACF6-CD36AA558A18}"
EndProject
Global
	GlobalSection(SolutionConfigurationPlatforms) = preSolution
		Debug|Any CPU = Debug|Any CPU
		Release|Any CPU = Release|Any CPU
	EndGlobalSection
	GlobalSection(ProjectConfigurationPlatforms) = postSolution
		{E67E63AA-F1AB-4009-ACF6-CD36AA558A18}.Debug|Any CPU.ActiveCfg = Debug|Any CPU
		{E67E63AA-F1AB-4009-ACF6-CD36AA558A18}.Debug|Any CPU.Build.0 = Debug|Any CPU
		{E67E63AA-F1AB-4009-ACF6-CD36AA558A18}.Release|Any CPU.ActiveCfg = Release|Any CPU
		{E67E63AA-F1AB-4009-ACF6-CD36AA558A18}.Release|Any CPU.Build.0 = Release|Any CPU
	EndGlobalSection
	GlobalSection(SolutionProperties) = preSolution
		HideSolutionNode = FALSE
	EndGlobalSection
	GlobalSection(ExtensibilityGlobals) = postSolution
		SolutionGuid = {02096CFE-9AC3-4D37-997A-A57751DC737F}
	EndGlobalSection
EndGlobal
